{
  "name": "miniprogram",
  "version": "1.0.0",
  "lockfileVersion": 2,
  "requires": true,
  "packages": {
    "": {
      "name": "miniprogram",
      "version": "1.0.0",
      "license": "ISC",
      "dependencies": {
        "tdesign-miniprogram": "^0.21.1"
      }
    },
    "node_modules/dayjs": {
      "version": "1.11.5",
      "resolved": "https://registry.npmjs.org/dayjs/-/dayjs-1.11.5.tgz",
      "integrity": "sha512-CAdX5Q3YW3Gclyo5Vpqkgpj8fSdLQcRuzfX6mC6Phy0nfJ0eGYOeS7m4mt2plDWLAtA4TqTakvbboHvUxfe4iA=="
    },
    "node_modules/tdesign-miniprogram": {
      "version": "0.21.1",
      "resolved": "https://registry.npmjs.org/tdesign-miniprogram/-/tdesign-miniprogram-0.21.1.tgz",
      "integrity": "sha512-OxcWbr/zmi2G8v2BowMIa9G639x+uiR12NKS1CAr2RHBvXNzEidcGbfUkQvq4STzpBLf8IGt0MPV8QbZc7kmOA==",
      "dependencies": {
        "dayjs": "^1.10.7"
      }
    }
  },
  "dependencies": {
    "dayjs": {
      "version": "1.11.5",
      "resolved": "https://registry.npmjs.org/dayjs/-/dayjs-1.11.5.tgz",
      "integrity": "sha512-CAdX5Q3YW3Gclyo5Vpqkgpj8fSdLQcRuzfX6mC6Phy0nfJ0eGYOeS7m4mt2plDWLAtA4TqTakvbboHvUxfe4iA=="
    },
    "tdesign-miniprogram": {
      "version": "0.21.1",
      "resolved": "https://registry.npmjs.org/tdesign-miniprogram/-/tdesign-miniprogram-0.21.1.tgz",
      "integrity": "sha512-OxcWbr/zmi2G8v2BowMIa9G639x+uiR12NKS1CAr2RHBvXNzEidcGbfUkQvq4STzpBLf8IGt0MPV8QbZc7kmOA==",
      "requires": {
        "dayjs": "^1.10.7"
      }
    }
  }
}
